// !$*UTF8*$!
{
	archiveVersion = 1;
	classes = {
	};
	objectVersion = 55;
	objects = {

/* Begin PBXBuildFile section */
		EF510E3E280FDA2F0009D0B3 /* AppDelegate.swift in Sources */ = {isa = PBXBuildFile; fileRef = EF510E3D280FDA2F0009D0B3 /* AppDelegate.swift */; };
		EF510E40280FDA2F0009D0B3 /* SceneDelegate.swift in Sources */ = {isa = PBXBuildFile; fileRef = EF510E3F280FDA2F0009D0B3 /* SceneDelegate.swift */; };
		EF510E42280FDA2F0009D0B3 /* ViewController.swift in Sources */ = {isa = PBXBuildFile; fileRef = EF510E41280FDA2F0009D0B3 /* ViewController.swift */; };
		EF510E45280FDA2F0009D0B3 /* Main.storyboard in Resources */ = {isa = PBXBuildFile; fileRef = EF510E43280FDA2F0009D0B3 /* Main.storyboard */; };
		EF510E47280FDA310009D0B3 /* Assets.xcassets in Resources */ = {isa = PBXBuildFile; fileRef = EF510E46280FDA310009D0B3 /* Assets.xcassets */; };
		EF510E4A280FDA310009D0B3 /* LaunchScreen.storyboard in Resources */ = {isa = PBXBuildFile; fileRef = EF510E48280FDA310009D0B3 /* LaunchScreen.storyboard */; };
		EF510E5A280FDC640009D0B3 /* AsyncAwaitOperation.swift in Sources */ = {isa = PBXBuildFile; fileRef = EF510E52280FDC640009D0B3 /* AsyncAwaitOperation.swift */; };
		EF510E5B280FDC640009D0B3 /* OperationsImplementation.swift in Sources */ = {isa = PBXBuildFile; fileRef = EF510E53280FDC640009D0B3 /* OperationsImplementation.swift */; };
		EF510E5C280FDC640009D0B3 /* DispatchGroupImplementation.swift in Sources */ = {isa = PBXBuildFile; fileRef = EF510E54280FDC640009D0B3 /* DispatchGroupImplementation.swift */; };
		EF510E5D280FDC640009D0B3 /* BasicUnderstanding.swift in Sources */ = {isa = PBXBuildFile; fileRef = EF510E55280FDC640009D0B3 /* BasicUnderstanding.swift */; };
		EF510E5E280FDC640009D0B3 /* DispatchWorkItemImplementation.swift in Sources */ = {isa = PBXBuildFile; fileRef = EF510E56280FDC640009D0B3 /* DispatchWorkItemImplementation.swift */; };
		EF510E5F280FDC640009D0B3 /* InterviewQuestions.swift in Sources */ = {isa = PBXBuildFile; fileRef = EF510E57280FDC640009D0B3 /* InterviewQuestions.swift */; };
		EF510E60280FDC640009D0B3 /* DispatchBarrierImplementation.swift in Sources */ = {isa = PBXBuildFile; fileRef = EF510E58280FDC640009D0B3 /* DispatchBarrierImplementation.swift */; };
		EF510E61280FDC640009D0B3 /* SemaphoreImplementation.swift in Sources */ = {isa = PBXBuildFile; fileRef = EF510E59280FDC640009D0B3 /* SemaphoreImplementation.swift */; };
		EF510E8928183F4F0009D0B3 /* CustomOperationImplementation.swift in Sources */ = {isa = PBXBuildFile; fileRef = EF510E8828183F4E0009D0B3 /* CustomOperationImplementation.swift */; };
/* End PBXBuildFile section */

/* Begin PBXFileReference section */
		EF510E3A280FDA2F0009D0B3 /* SynchronisationInSwift.app */ = {isa = PBXFileReference; explicitFileType = wrapper.application; includeInIndex = 0; path = SynchronisationInSwift.app; sourceTree = BUILT_PRODUCTS_DIR; };
		EF510E3D280FDA2F0009D0B3 /* AppDelegate.swift */ = {isa = PBXFileReference; lastKnownFileType = sourcecode.swift; path = AppDelegate.swift; sourceTree = "<group>"; };
		EF510E3F280FDA2F0009D0B3 /* SceneDelegate.swift */ = {isa = PBXFileReference; lastKnownFileType = sourcecode.swift; path = SceneDelegate.swift; sourceTree = "<group>"; };
		EF510E41280FDA2F0009D0B3 /* ViewController.swift */ = {isa = PBXFileReference; lastKnownFileType = sourcecode.swift; path = ViewController.swift; sourceTree = "<group>"; };
		EF510E44280FDA2F0009D0B3 /* Base */ = {isa = PBXFileReference; lastKnownFileType = file.storyboard; name = Base; path = Base.lproj/Main.storyboard; sourceTree = "<group>"; };
		EF510E46280FDA310009D0B3 /* Assets.xcassets */ = {isa = PBXFileReference; lastKnownFileType = folder.assetcatalog; path = Assets.xcassets; sourceTree = "<group>"; };
		EF510E49280FDA310009D0B3 /* Base */ = {isa = PBXFileReference; lastKnownFileType = file.storyboard; name = Base; path = Base.lproj/LaunchScreen.storyboard; sourceTree = "<group>"; };
		EF510E4B280FDA310009D0B3 /* Info.plist */ = {isa = PBXFileReference; lastKnownFileType = text.plist.xml; path = Info.plist; sourceTree = "<group>"; };
		EF510E52280FDC640009D0B3 /* AsyncAwaitOperation.swift */ = {isa = PBXFileReference; fileEncoding = 4; lastKnownFileType = sourcecode.swift; path = AsyncAwaitOperation.swift; sourceTree = "<group>"; };
		EF510E53280FDC640009D0B3 /* OperationsImplementation.swift */ = {isa = PBXFileReference; fileEncoding = 4; lastKnownFileType = sourcecode.swift; path = OperationsImplementation.swift; sourceTree = "<group>"; };
		EF510E54280FDC640009D0B3 /* DispatchGroupImplementation.swift */ = {isa = PBXFileReference; fileEncoding = 4; lastKnownFileType = sourcecode.swift; path = DispatchGroupImplementation.swift; sourceTree = "<group>"; };
		EF510E55280FDC640009D0B3 /* BasicUnderstanding.swift */ = {isa = PBXFileReference; fileEncoding = 4; lastKnownFileType = sourcecode.swift; path = BasicUnderstanding.swift; sourceTree = "<group>"; };
		EF510E56280FDC640009D0B3 /* DispatchWorkItemImplementation.swift */ = {isa = PBXFileReference; fileEncoding = 4; lastKnownFileType = sourcecode.swift; path = DispatchWorkItemImplementation.swift; sourceTree = "<group>"; };
		EF510E57280FDC640009D0B3 /* InterviewQuestions.swift */ = {isa = PBXFileReference; fileEncoding = 4; lastKnownFileType = sourcecode.swift; path = InterviewQuestions.swift; sourceTree = "<group>"; };
		EF510E58280FDC640009D0B3 /* DispatchBarrierImplementation.swift */ = {isa = PBXFileReference; fileEncoding = 4; lastKnownFileType = sourcecode.swift; path = DispatchBarrierImplementation.swift; sourceTree = "<group>"; };
		EF510E59280FDC640009D0B3 /* SemaphoreImplementation.swift */ = {isa = PBXFileReference; fileEncoding = 4; lastKnownFileType = sourcecode.swift; path = SemaphoreImplementation.swift; sourceTree = "<group>"; };
		EF510E8828183F4E0009D0B3 /* CustomOperationImplementation.swift */ = {isa = PBXFileReference; lastKnownFileType = sourcecode.swift; path = CustomOperationImplementation.swift; sourceTree = "<group>"; };
/* End PBXFileReference section */

/* Begin PBXFrameworksBuildPhase section */
		EF510E37280FDA2F0009D0B3 /* Frameworks */ = {
			isa = PBXFrameworksBuildPhase;
			buildActionMask = 2147483647;
			files = (
			);
			runOnlyForDeploymentPostprocessing = 0;
		};
/* End PBXFrameworksBuildPhase section */

/* Begin PBXGroup section */
		EF510E31280FDA2F0009D0B3 = {
			isa = PBXGroup;
			children = (
				EF510E3C280FDA2F0009D0B3 /* SynchronisationInSwift */,
				EF510E3B280FDA2F0009D0B3 /* Products */,
			);
			sourceTree = "<group>";
		};
		EF510E3B280FDA2F0009D0B3 /* Products */ = {
			isa = PBXGroup;
			children = (
				EF510E3A280FDA2F0009D0B3 /* SynchronisationInSwift.app */,
			);
			name = Products;
			sourceTree = "<group>";
		};
		EF510E3C280FDA2F0009D0B3 /* SynchronisationInSwift */ = {
			isa = PBXGroup;
			children = (
				EF510E51280FDC4F0009D0B3 /* WorkingSamples */,
				EF510E3D280FDA2F0009D0B3 /* AppDelegate.swift */,
				EF510E3F280FDA2F0009D0B3 /* SceneDelegate.swift */,
				EF510E41280FDA2F0009D0B3 /* ViewController.swift */,
				EF510E43280FDA2F0009D0B3 /* Main.storyboard */,
				EF510E46280FDA310009D0B3 /* Assets.xcassets */,
				EF510E48280FDA310009D0B3 /* LaunchScreen.storyboard */,
				EF510E4B280FDA310009D0B3 /* Info.plist */,
			);
			path = SynchronisationInSwift;
			sourceTree = "<group>";
		};
		EF510E51280FDC4F0009D0B3 /* WorkingSamples */ = {
			isa = PBXGroup;
			children = (
				EF510E52280FDC640009D0B3 /* AsyncAwaitOperation.swift */,
				EF510E55280FDC640009D0B3 /* BasicUnderstanding.swift */,
				EF510E58280FDC640009D0B3 /* DispatchBarrierImplementation.swift */,
				EF510E54280FDC640009D0B3 /* DispatchGroupImplementation.swift */,
				EF510E56280FDC640009D0B3 /* DispatchWorkItemImplementation.swift */,
				EF510E57280FDC640009D0B3 /* InterviewQuestions.swift */,
				EF510E53280FDC640009D0B3 /* OperationsImplementation.swift */,
				EF510E59280FDC640009D0B3 /* SemaphoreImplementation.swift */,
				EF510E8828183F4E0009D0B3 /* CustomOperationImplementation.swift */,
			);
			path = WorkingSamples;
			sourceTree = "<group>";
		};
/* End PBXGroup section */

/* Begin PBXNativeTarget section */
		EF510E39280FDA2F0009D0B3 /* SynchronisationInSwift */ = {
			isa = PBXNativeTarget;
			buildConfigurationList = EF510E4E280FDA310009D0B3 /* Build configuration list for PBXNativeTarget "SynchronisationInSwift" */;
			buildPhases = (
				EF510E36280FDA2F0009D0B3 /* Sources */,
				EF510E37280FDA2F0009D0B3 /* Frameworks */,
				EF510E38280FDA2F0009D0B3 /* Resources */,
			);
			buildRules = (
			);
			dependencies = (
			);
			name = SynchronisationInSwift;
			productName = SynchronisationInSwift;
			productReference = EF510E3A280FDA2F0009D0B3 /* SynchronisationInSwift.app */;
			productType = "com.apple.product-type.application";
		};
/* End PBXNativeTarget section */

/* Begin PBXProject section */
		EF510E32280FDA2F0009D0B3 /* Project object */ = {
			isa = PBXProject;
			attributes = {
				BuildIndependentTargetsInParallel = 1;
				LastSwiftUpdateCheck = 1320;
				LastUpgradeCheck = 1320;
				TargetAttributes = {
					EF510E39280FDA2F0009D0B3 = {
						CreatedOnToolsVersion = 13.2;
					};
				};
			};
			buildConfigurationList = EF510E35280FDA2F0009D0B3 /* Build configuration list for PBXProject "SynchronisationInSwift" */;
			compatibilityVersion = "Xcode 13.0";
			developmentRegion = en;
			hasScannedForEncodings = 0;
			knownRegions = (
				en,
				Base,
			);
			mainGroup = EF510E31280FDA2F0009D0B3;
			productRefGroup = EF510E3B280FDA2F0009D0B3 /* Products */;
			projectDirPath = "";
			projectRoot = "";
			targets = (
				EF510E39280FDA2F0009D0B3 /* SynchronisationInSwift */,
			);
		};
/* End PBXProject section */

/* Begin PBXResourcesBuildPhase section */
		EF510E38280FDA2F0009D0B3 /* Resources */ = {
			isa = PBXResourcesBuildPhase;
			buildActionMask = 2147483647;
			files = (
				EF510E4A280FDA310009D0B3 /* LaunchScreen.storyboard in Resources */,
				EF510E47280FDA310009D0B3 /* Assets.xcassets in Resources */,
				EF510E45280FDA2F0009D0B3 /* Main.storyboard in Resources */,
			);
			runOnlyForDeploymentPostprocessing = 0;
		};
/* End PBXResourcesBuildPhase section */

/* Begin PBXSourcesBuildPhase section */
		EF510E36280FDA2F0009D0B3 /* Sources */ = {
			isa = PBXSourcesBuildPhase;
			buildActionMask = 2147483647;
			files = (
				EF510E5B280FDC640009D0B3 /* OperationsImplementation.swift in Sources */,
				EF510E42280FDA2F0009D0B3 /* ViewController.swift in Sources */,
				EF510E5A280FDC640009D0B3 /* AsyncAwaitOperation.swift in Sources */,
				EF510E60280FDC640009D0B3 /* DispatchBarrierImplementation.swift in Sources */,
				EF510E8928183F4F0009D0B3 /* CustomOperationImplementation.swift in Sources */,
				EF510E5D280FDC640009D0B3 /* BasicUnderstanding.swift in Sources */,
				EF510E5F280FDC640009D0B3 /* InterviewQuestions.swift in Sources */,
				EF510E3E280FDA2F0009D0B3 /* AppDelegate.swift in Sources */,
				EF510E40280FDA2F0009D0B3 /* SceneDelegate.swift in Sources */,
				EF510E5C280FDC640009D0B3 /* DispatchGroupImplementation.swift in Sources */,
				EF510E5E280FDC640009D0B3 /* DispatchWorkItemImplementation.swift in Sources */,
				EF510E61280FDC640009D0B3 /* SemaphoreImplementation.swift in Sources */,
			);
			runOnlyForDeploymentPostprocessing = 0;
		};
/* End PBXSourcesBuildPhase section */

/* Begin PBXVariantGroup section */
		EF510E43280FDA2F0009D0B3 /* Main.storyboard */ = {
			isa = PBXVariantGroup;
			children = (
				EF510E44280FDA2F0009D0B3 /* Base */,
			);
			name = Main.storyboard;
			sourceTree = "<group>";
		};
		EF510E48280FDA310009D0B3 /* LaunchScreen.storyboard */ = {
			isa = PBXVariantGroup;
			children = (
				EF510E49280FDA310009D0B3 /* Base */,
			);
			name = LaunchScreen.storyboard;
			sourceTree = "<group>";
		};
/* End PBXVariantGroup section */

/* Begin XCBuildConfiguration section */
		EF510E4C280FDA310009D0B3 /* Debug */ = {
			isa = XCBuildConfiguration;
			buildSettings = {
				ALWAYS_SEARCH_USER_PATHS = NO;
				CLANG_ANALYZER_NONNULL = YES;
				CLANG_ANALYZER_NUMBER_OBJECT_CONVERSION = YES_AGGRESSIVE;
				CLANG_CXX_LANGUAGE_STANDARD = "gnu++17";
				CLANG_CXX_LIBRARY = "libc++";
				CLANG_ENABLE_MODULES = YES;
				CLANG_ENABLE_OBJC_ARC = YES;
				CLANG_ENABLE_OBJC_WEAK = YES;
				CLANG_WARN_BLOCK_CAPTURE_AUTORELEASING = YES;
				CLANG_WARN_BOOL_CONVERSION = YES;
				CLANG_WARN_COMMA = YES;
				CLANG_WARN_CONSTANT_CONVERSION = YES;
				CLANG_WARN_DEPRECATED_OBJC_IMPLEMENTATIONS = YES;
				CLANG_WARN_DIRECT_OBJC_ISA_USAGE = YES_ERROR;
				CLANG_WARN_DOCUMENTATION_COMMENTS = YES;
				CLANG_WARN_EMPTY_BODY = YES;
				CLANG_WARN_ENUM_CONVERSION = YES;
				CLANG_WARN_INFINITE_RECURSION = YES;
				CLANG_WARN_INT_CONVERSION = YES;
				CLANG_WARN_NON_LITERAL_NULL_CONVERSION = YES;
				CLANG_WARN_OBJC_IMPLICIT_RETAIN_SELF = YES;
				CLANG_WARN_OBJC_LITERAL_CONVERSION = YES;
				CLANG_WARN_OBJC_ROOT_CLASS = YES_ERROR;
				CLANG_WARN_QUOTED_INCLUDE_IN_FRAMEWORK_HEADER = YES;
				CLANG_WARN_RANGE_LOOP_ANALYSIS = YES;
				CLANG_WARN_STRICT_PROTOTYPES = YES;
				CLANG_WARN_SUSPICIOUS_MOVE = YES;
				CLANG_WARN_UNGUARDED_AVAILABILITY = YES_AGGRESSIVE;
				CLANG_WARN_UNREACHABLE_CODE = YES;
				CLANG_WARN__DUPLICATE_METHOD_MATCH = YES;
				COPY_PHASE_STRIP = NO;
				DEBUG_INFORMATION_FORMAT = dwarf;
				ENABLE_STRICT_OBJC_MSGSEND = YES;
				ENABLE_TESTABILITY = YES;
				GCC_C_LANGUAGE_STANDARD = gnu11;
				GCC_DYNAMIC_NO_PIC = NO;
				GCC_NO_COMMON_BLOCKS = YES;
				GCC_OPTIMIZATION_LEVEL = 0;
				GCC_PREPROCESSOR_DEFINITIONS = (
					"DEBUG=1",
					"$(inherited)",
				);
				GCC_WARN_64_TO_32_BIT_CONVERSION = YES;
				GCC_WARN_ABOUT_RETURN_TYPE = YES_ERROR;
				GCC_WARN_UNDECLARED_SELECTOR = YES;
				GCC_WARN_UNINITIALIZED_AUTOS = YES_AGGRESSIVE;
				GCC_WARN_UNUSED_FUNCTION = YES;
				GCC_WARN_UNUSED_VARIABLE = YES;
				IPHONEOS_DEPLOYMENT_TARGET = 15.2;
				MTL_ENABLE_DEBUG_INFO = INCLUDE_SOURCE;
				MTL_FAST_MATH = YES;
				ONLY_ACTIVE_ARCH = YES;
				SDKROOT = iphoneos;
				SWIFT_ACTIVE_COMPILATION_CONDITIONS = DEBUG;
				SWIFT_OPTIMIZATION_LEVEL = "-Onone";
			};
			name = Debug;
		};
		EF510E4D280FDA310009D0B3 /* Release */ = {
			isa = XCBuildConfiguration;
			buildSettings = {
				ALWAYS_SEARCH_USER_PATHS = NO;
				CLANG_ANALYZER_NONNULL = YES;
				CLANG_ANALYZER_NUMBER_OBJECT_CONVERSION = YES_AGGRESSIVE;
				CLANG_CXX_LANGUAGE_STANDARD = "gnu++17";
				CLANG_CXX_LIBRARY = "libc++";
				CLANG_ENABLE_MODULES = YES;
				CLANG_ENABLE_OBJC_ARC = YES;
				CLANG_ENABLE_OBJC_WEAK = YES;
				CLANG_WARN_BLOCK_CAPTURE_AUTORELEASING = YES;
				CLANG_WARN_BOOL_CONVERSION = YES;
				CLANG_WARN_COMMA = YES;
				CLANG_WARN_CONSTANT_CONVERSION = YES;
				CLANG_WARN_DEPRECATED_OBJC_IMPLEMENTATIONS = YES;
				CLANG_WARN_DIRECT_OBJC_ISA_USAGE = YES_ERROR;
				CLANG_WARN_DOCUMENTATION_COMMENTS = YES;
				CLANG_WARN_EMPTY_BODY = YES;
				CLANG_WARN_ENUM_CONVERSION = YES;
				CLANG_WARN_INFINITE_RECURSION = YES;
				CLANG_WARN_INT_CONVERSION = YES;
				CLANG_WARN_NON_LITERAL_NULL_CONVERSION = YES;
				CLANG_WARN_OBJC_IMPLICIT_RETAIN_SELF = YES;
				CLANG_WARN_OBJC_LITERAL_CONVERSION = YES;
				CLANG_WARN_OBJC_ROOT_CLASS = YES_ERROR;
				CLANG_WARN_QUOTED_INCLUDE_IN_FRAMEWORK_HEADER = YES;
				CLANG_WARN_RANGE_LOOP_ANALYSIS = YES;
				CLANG_WARN_STRICT_PROTOTYPES = YES;
				CLANG_WARN_SUSPICIOUS_MOVE = YES;
				CLANG_WARN_UNGUARDED_AVAILABILITY = YES_AGGRESSIVE;
				CLANG_WARN_UNREACHABLE_CODE = YES;
				CLANG_WARN__DUPLICATE_METHOD_MATCH = YES;
				COPY_PHASE_STRIP = NO;
				DEBUG_INFORMATION_FORMAT = "dwarf-with-dsym";
				ENABLE_NS_ASSERTIONS = NO;
				ENABLE_STRICT_OBJC_MSGSEND = YES;
				GCC_C_LANGUAGE_STANDARD = gnu11;
				GCC_NO_COMMON_BLOCKS = YES;
				GCC_WARN_64_TO_32_BIT_CONVERSION = YES;
				GCC_WARN_ABOUT_RETURN_TYPE = YES_ERROR;
				GCC_WARN_UNDECLARED_SELECTOR = YES;
				GCC_WARN_UNINITIALIZED_AUTOS = YES_AGGRESSIVE;
				GCC_WARN_UNUSED_FUNCTION = YES;
				GCC_WARN_UNUSED_VARIABLE = YES;
				IPHONEOS_DEPLOYMENT_TARGET = 15.2;
				MTL_ENABLE_DEBUG_INFO = NO;
				MTL_FAST_MATH = YES;
				SDKROOT = iphoneos;
				SWIFT_COMPILATION_MODE = wholemodule;
				SWIFT_OPTIMIZATION_LEVEL = "-O";
				VALIDATE_PRODUCT = YES;
			};
			name = Release;
		};
		EF510E4F280FDA310009D0B3 /* Debug */ = {
			isa = XCBuildConfiguration;
			buildSettings = {
				ASSETCATALOG_COMPILER_APPICON_NAME = AppIcon;
				ASSETCATALOG_COMPILER_GLOBAL_ACCENT_COLOR_NAME = AccentColor;
				CODE_SIGN_STYLE = Automatic;
				CURRENT_PROJECT_VERSION = 1;
				GENERATE_INFOPLIST_FILE = YES;
				INFOPLIST_FILE = SynchronisationInSwift/Info.plist;
				INFOPLIST_KEY_UIApplicationSupportsIndirectInputEvents = YES;
				INFOPLIST_KEY_UILaunchStoryboardName = LaunchScreen;
				INFOPLIST_KEY_UIMainStoryboardFile = Main;
				INFOPLIST_KEY_UISupportedInterfaceOrientations_iPad = "UIInterfaceOrientationPortrait UIInterfaceOrientationPortraitUpsideDown UIInterfaceOrientationLandscapeLeft UIInterfaceOrientationLandscapeRight";
				INFOPLIST_KEY_UISupportedInterfaceOrientations_iPhone = "UIInterfaceOrientationPortrait UIInterfaceOrientationLandscapeLeft UIInterfaceOrientationLandscapeRight";
				LD_RUNPATH_SEARCH_PATHS = (
					"$(inherited)",
					"@executable_path/Frameworks",
				);
				MARKETING_VERSION = 1.0;
				PRODUCT_BUNDLE_IDENTIFIER = com.ReactiveProgrammingRXSwift.SynchronisationInSwift;
				PRODUCT_NAME = "$(TARGET_NAME)";
				SWIFT_EMIT_LOC_STRINGS = YES;
				SWIFT_VERSION = 5.0;
				TARGETED_DEVICE_FAMILY = "1,2";
			};
			name = Debug;
		};
		EF510E50280FDA310009D0B3 /* Release */ = {
			isa = XCBuildConfiguration;
			buildSettings = {
				ASSETCATALOG_COMPILER_APPICON_NAME = AppIcon;
				ASSETCATALOG_COMPILER_GLOBAL_ACCENT_COLOR_NAME = AccentColor;
				CODE_SIGN_STYLE = Automatic;
				CURRENT_PROJECT_VERSION = 1;
				GENERATE_INFOPLIST_FILE = YES;
				INFOPLIST_FILE = SynchronisationInSwift/Info.plist;
				INFOPLIST_KEY_UIApplicationSupportsIndirectInputEvents = YES;
				INFOPLIST_KEY_UILaunchStoryboardName = LaunchScreen;
				INFOPLIST_KEY_UIMainStoryboardFile = Main;
				INFOPLIST_KEY_UISupportedInterfaceOrientations_iPad = "UIInterfaceOrientationPortrait UIInterfaceOrientationPortraitUpsideDown UIInterfaceOrientationLandscapeLeft UIInterfaceOrientationLandscapeRight";
				INFOPLIST_KEY_UISupportedInterfaceOrientations_iPhone = "UIInterfaceOrientationPortrait UIInterfaceOrientationLandscapeLeft UIInterfaceOrientationLandscapeRight";
				LD_RUNPATH_SEARCH_PATHS = (
					"$(inherited)",
					"@executable_path/Frameworks",
				);
				MARKETING_VERSION = 1.0;
				PRODUCT_BUNDLE_IDENTIFIER = com.ReactiveProgrammingRXSwift.SynchronisationInSwift;
				PRODUCT_NAME = "$(TARGET_NAME)";
				SWIFT_EMIT_LOC_STRINGS = YES;
				SWIFT_VERSION = 5.0;
				TARGETED_DEVICE_FAMILY = "1,2";
			};
			name = Release;
		};
/* End XCBuildConfiguration section */

/* Begin XCConfigurationList section */
		EF510E35280FDA2F0009D0B3 /* Build configuration list for PBXProject "SynchronisationInSwift" */ = {
			isa = XCConfigurationList;
			buildConfigurations = (
				EF510E4C280FDA310009D0B3 /* Debug */,
				EF510E4D280FDA310009D0B3 /* Release */,
			);
			defaultConfigurationIsVisible = 0;
			defaultConfigurationName = Release;
		};
		EF510E4E280FDA310009D0B3 /* Build configuration list for PBXNativeTarget "SynchronisationInSwift" */ = {
			isa = XCConfigurationList;
			buildConfigurations = (
				EF510E4F280FDA310009D0B3 /* Debug */,
				EF510E50280FDA310009D0B3 /* Release */,
			);
			defaultConfigurationIsVisible = 0;
			defaultConfigurationName = Release;
		};
/* End XCConfigurationList section */
	};
	rootObject = EF510E32280FDA2F0009D0B3 /* Project object */;
}
